// !$*UTF8*$!
{
	archiveVersion = 1;
	classes = {
	};
	objectVersion = 50;
	objects = {

/* Begin PBXBuildFile section */
		77A3EAD3257A4295007CF934 /* CookBook WatchKit App.app in Embed Watch Content */ = {isa = PBXBuildFile; fileRef = 77A3EAD2257A4295007CF934 /* CookBook WatchKit App.app */; settings = {ATTRIBUTES = (RemoveHeadersOnCopy, ); }; };
		77A3EAD9257A4295007CF934 /* Interface.storyboard in Resources */ = {isa = PBXBuildFile; fileRef = 77A3EAD7257A4295007CF934 /* Interface.storyboard */; };
		77A3EADB257A4298007CF934 /* Assets.xcassets in Resources */ = {isa = PBXBuildFile; fileRef = 77A3EADA257A4298007CF934 /* Assets.xcassets */; };
		77A3EAE2257A4298007CF934 /* CookBook WatchKit Extension.appex in Embed App Extensions */ = {isa = PBXBuildFile; fileRef = 77A3EAE1257A4298007CF934 /* CookBook WatchKit Extension.appex */; settings = {ATTRIBUTES = (RemoveHeadersOnCopy, ); }; };
		77A3EAE7257A4298007CF934 /* InterfaceController.swift in Sources */ = {isa = PBXBuildFile; fileRef = 77A3EAE6257A4298007CF934 /* InterfaceController.swift */; };
		77A3EAE9257A4298007CF934 /* ExtensionDelegate.swift in Sources */ = {isa = PBXBuildFile; fileRef = 77A3EAE8257A4298007CF934 /* ExtensionDelegate.swift */; };
		77A3EAEB257A4298007CF934 /* NotificationController.swift in Sources */ = {isa = PBXBuildFile; fileRef = 77A3EAEA257A4298007CF934 /* NotificationController.swift */; };
		77A3EAED257A4298007CF934 /* ComplicationController.swift in Sources */ = {isa = PBXBuildFile; fileRef = 77A3EAEC257A4298007CF934 /* ComplicationController.swift */; };
		77A3EAEF257A429B007CF934 /* Assets.xcassets in Resources */ = {isa = PBXBuildFile; fileRef = 77A3EAEE257A429B007CF934 /* Assets.xcassets */; };
/* End PBXBuildFile section */

/* Begin PBXContainerItemProxy section */
		77A3EAD4257A4295007CF934 /* PBXContainerItemProxy */ = {
			isa = PBXContainerItemProxy;
			containerPortal = 77A3EAC8257A4295007CF934 /* Project object */;
			proxyType = 1;
			remoteGlobalIDString = 77A3EAD1257A4295007CF934;
			remoteInfo = "CookBook WatchKit App";
		};
		77A3EAE3257A4298007CF934 /* PBXContainerItemProxy */ = {
			isa = PBXContainerItemProxy;
			containerPortal = 77A3EAC8257A4295007CF934 /* Project object */;
			proxyType = 1;
			remoteGlobalIDString = 77A3EAE0257A4298007CF934;
			remoteInfo = "CookBook WatchKit Extension";
		};
/* End PBXContainerItemProxy section */

/* Begin PBXCopyFilesBuildPhase section */
		77A3EAF7257A429B007CF934 /* Embed App Extensions */ = {
			isa = PBXCopyFilesBuildPhase;
			buildActionMask = 2147483647;
			dstPath = "";
			dstSubfolderSpec = 13;
			files = (
				77A3EAE2257A4298007CF934 /* CookBook WatchKit Extension.appex in Embed App Extensions */,
			);
			name = "Embed App Extensions";
			runOnlyForDeploymentPostprocessing = 0;
		};
		77A3EAFB257A429B007CF934 /* Embed Watch Content */ = {
			isa = PBXCopyFilesBuildPhase;
			buildActionMask = 2147483647;
			dstPath = "$(CONTENTS_FOLDER_PATH)/Watch";
			dstSubfolderSpec = 16;
			files = (
				77A3EAD3257A4295007CF934 /* CookBook WatchKit App.app in Embed Watch Content */,
			);
			name = "Embed Watch Content";
			runOnlyForDeploymentPostprocessing = 0;
		};
/* End PBXCopyFilesBuildPhase section */

/* Begin PBXFileReference section */
		77A3EACE257A4295007CF934 /* CookBook.app */ = {isa = PBXFileReference; explicitFileType = wrapper.application; includeInIndex = 0; path = CookBook.app; sourceTree = BUILT_PRODUCTS_DIR; };
		77A3EAD2257A4295007CF934 /* CookBook WatchKit App.app */ = {isa = PBXFileReference; explicitFileType = wrapper.application; includeInIndex = 0; path = "CookBook WatchKit App.app"; sourceTree = BUILT_PRODUCTS_DIR; };
		77A3EAD8257A4295007CF934 /* Base */ = {isa = PBXFileReference; lastKnownFileType = file.storyboard; name = Base; path = Base.lproj/Interface.storyboard; sourceTree = "<group>"; };
		77A3EADA257A4298007CF934 /* Assets.xcassets */ = {isa = PBXFileReference; lastKnownFileType = folder.assetcatalog; path = Assets.xcassets; sourceTree = "<group>"; };
		77A3EADC257A4298007CF934 /* Info.plist */ = {isa = PBXFileReference; lastKnownFileType = text.plist.xml; path = Info.plist; sourceTree = "<group>"; };
		77A3EAE1257A4298007CF934 /* CookBook WatchKit Extension.appex */ = {isa = PBXFileReference; explicitFileType = "wrapper.app-extension"; includeInIndex = 0; path = "CookBook WatchKit Extension.appex"; sourceTree = BUILT_PRODUCTS_DIR; };
		77A3EAE6257A4298007CF934 /* InterfaceController.swift */ = {isa = PBXFileReference; lastKnownFileType = sourcecode.swift; path = InterfaceController.swift; sourceTree = "<group>"; };
		77A3EAE8257A4298007CF934 /* ExtensionDelegate.swift */ = {isa = PBXFileReference; lastKnownFileType = sourcecode.swift; path = ExtensionDelegate.swift; sourceTree = "<group>"; };
		77A3EAEA257A4298007CF934 /* NotificationController.swift */ = {isa = PBXFileReference; lastKnownFileType = sourcecode.swift; path = NotificationController.swift; sourceTree = "<group>"; };
		77A3EAEC257A4298007CF934 /* ComplicationController.swift */ = {isa = PBXFileReference; lastKnownFileType = sourcecode.swift; path = ComplicationController.swift; sourceTree = "<group>"; };
		77A3EAEE257A429B007CF934 /* Assets.xcassets */ = {isa = PBXFileReference; lastKnownFileType = folder.assetcatalog; path = Assets.xcassets; sourceTree = "<group>"; };
		77A3EAF0257A429B007CF934 /* Info.plist */ = {isa = PBXFileReference; lastKnownFileType = text.plist.xml; path = Info.plist; sourceTree = "<group>"; };
		77A3EAF1257A429B007CF934 /* PushNotificationPayload.apns */ = {isa = PBXFileReference; lastKnownFileType = text; path = PushNotificationPayload.apns; sourceTree = "<group>"; };
/* End PBXFileReference section */

/* Begin PBXFrameworksBuildPhase section */
		77A3EADE257A4298007CF934 /* Frameworks */ = {
			isa = PBXFrameworksBuildPhase;
			buildActionMask = 2147483647;
			files = (
			);
			runOnlyForDeploymentPostprocessing = 0;
		};
/* End PBXFrameworksBuildPhase section */

/* Begin PBXGroup section */
		77A3EAC7257A4295007CF934 = {
			isa = PBXGroup;
			children = (
				77A3EAD6257A4295007CF934 /* CookBook WatchKit App */,
				77A3EAE5257A4298007CF934 /* CookBook WatchKit Extension */,
				77A3EACF257A4295007CF934 /* Products */,
			);
			sourceTree = "<group>";
		};
		77A3EACF257A4295007CF934 /* Products */ = {
			isa = PBXGroup;
			children = (
				77A3EACE257A4295007CF934 /* CookBook.app */,
				77A3EAD2257A4295007CF934 /* CookBook WatchKit App.app */,
				77A3EAE1257A4298007CF934 /* CookBook WatchKit Extension.appex */,
			);
			name = Products;
			sourceTree = "<group>";
		};
		77A3EAD6257A4295007CF934 /* CookBook WatchKit App */ = {
			isa = PBXGroup;
			children = (
				77A3EAD7257A4295007CF934 /* Interface.storyboard */,
				77A3EADA257A4298007CF934 /* Assets.xcassets */,
				77A3EADC257A4298007CF934 /* Info.plist */,
			);
			path = "CookBook WatchKit App";
			sourceTree = "<group>";
		};
		77A3EAE5257A4298007CF934 /* CookBook WatchKit Extension */ = {
			isa = PBXGroup;
			children = (
				77A3EAE6257A4298007CF934 /* InterfaceController.swift */,
				77A3EAE8257A4298007CF934 /* ExtensionDelegate.swift */,
				77A3EAEA257A4298007CF934 /* NotificationController.swift */,
				77A3EAEC257A4298007CF934 /* ComplicationController.swift */,
				77A3EAEE257A429B007CF934 /* Assets.xcassets */,
				77A3EAF0257A429B007CF934 /* Info.plist */,
				77A3EAF1257A429B007CF934 /* PushNotificationPayload.apns */,
			);
			path = "CookBook WatchKit Extension";
			sourceTree = "<group>";
		};
/* End PBXGroup section */

/* Begin PBXNativeTarget section */
		77A3EACD257A4295007CF934 /* CookBook */ = {
			isa = PBXNativeTarget;
			buildConfigurationList = 77A3EAFC257A429B007CF934 /* Build configuration list for PBXNativeTarget "CookBook" */;
			buildPhases = (
				77A3EACC257A4295007CF934 /* Resources */,
				77A3EAFB257A429B007CF934 /* Embed Watch Content */,
			);
			buildRules = (
			);
			dependencies = (
				77A3EAD5257A4295007CF934 /* PBXTargetDependency */,
			);
			name = CookBook;
			productName = CookBook;
			productReference = 77A3EACE257A4295007CF934 /* CookBook.app */;
			productType = "com.apple.product-type.application.watchapp2-container";
		};
		77A3EAD1257A4295007CF934 /* CookBook WatchKit App */ = {
			isa = PBXNativeTarget;
			buildConfigurationList = 77A3EAF8257A429B007CF934 /* Build configuration list for PBXNativeTarget "CookBook WatchKit App" */;
			buildPhases = (
				77A3EAD0257A4295007CF934 /* Resources */,
				77A3EAF7257A429B007CF934 /* Embed App Extensions */,
			);
			buildRules = (
			);
			dependencies = (
				77A3EAE4257A4298007CF934 /* PBXTargetDependency */,
			);
			name = "CookBook WatchKit App";
			productName = "CookBook WatchKit App";
			productReference = 77A3EAD2257A4295007CF934 /* CookBook WatchKit App.app */;
			productType = "com.apple.product-type.application.watchapp2";
		};
		77A3EAE0257A4298007CF934 /* CookBook WatchKit Extension */ = {
			isa = PBXNativeTarget;
			buildConfigurationList = 77A3EAF4257A429B007CF934 /* Build configuration list for PBXNativeTarget "CookBook WatchKit Extension" */;
			buildPhases = (
				77A3EADD257A4298007CF934 /* Sources */,
				77A3EADE257A4298007CF934 /* Frameworks */,
				77A3EADF257A4298007CF934 /* Resources */,
			);
			buildRules = (
			);
			dependencies = (
			);
			name = "CookBook WatchKit Extension";
			productName = "CookBook WatchKit Extension";
			productReference = 77A3EAE1257A4298007CF934 /* CookBook WatchKit Extension.appex */;
			productType = "com.apple.product-type.watchkit2-extension";
		};
/* End PBXNativeTarget section */

/* Begin PBXProject section */
		77A3EAC8257A4295007CF934 /* Project object */ = {
			isa = PBXProject;
			attributes = {
				LastSwiftUpdateCheck = 1220;
				LastUpgradeCheck = 1220;
				TargetAttributes = {
					77A3EACD257A4295007CF934 = {
						CreatedOnToolsVersion = 12.2;
					};
					77A3EAD1257A4295007CF934 = {
						CreatedOnToolsVersion = 12.2;
					};
					77A3EAE0257A4298007CF934 = {
						CreatedOnToolsVersion = 12.2;
					};
				};
			};
			buildConfigurationList = 77A3EACB257A4295007CF934 /* Build configuration list for PBXProject "CookBook" */;
			compatibilityVersion = "Xcode 9.3";
			developmentRegion = en;
			hasScannedForEncodings = 0;
			knownRegions = (
				en,
				Base,
			);
			mainGroup = 77A3EAC7257A4295007CF934;
			productRefGroup = 77A3EACF257A4295007CF934 /* Products */;
			projectDirPath = "";
			projectRoot = "";
			targets = (
				77A3EACD257A4295007CF934 /* CookBook */,
				77A3EAD1257A4295007CF934 /* CookBook WatchKit App */,
				77A3EAE0257A4298007CF934 /* CookBook WatchKit Extension */,
			);
		};
/* End PBXProject section */

/* Begin PBXResourcesBuildPhase section */
		77A3EACC257A4295007CF934 /* Resources */ = {
			isa = PBXResourcesBuildPhase;
			buildActionMask = 2147483647;
			files = (
			);
			runOnlyForDeploymentPostprocessing = 0;
		};
		77A3EAD0257A4295007CF934 /* Resources */ = {
			isa = PBXResourcesBuildPhase;
			buildActionMask = 2147483647;
			files = (
				77A3EADB257A4298007CF934 /* Assets.xcassets in Resources */,
				77A3EAD9257A4295007CF934 /* Interface.storyboard in Resources */,
			);
			runOnlyForDeploymentPostprocessing = 0;
		};
		77A3EADF257A4298007CF934 /* Resources */ = {
			isa = PBXResourcesBuildPhase;
			buildActionMask = 2147483647;
			files = (
				77A3EAEF257A429B007CF934 /* Assets.xcassets in Resources */,
			);
			runOnlyForDeploymentPostprocessing = 0;
		};
/* End PBXResourcesBuildPhase section */

/* Begin PBXSourcesBuildPhase section */
		77A3EADD257A4298007CF934 /* Sources */ = {
			isa = PBXSourcesBuildPhase;
			buildActionMask = 2147483647;
			files = (
				77A3EAEB257A4298007CF934 /* NotificationController.swift in Sources */,
				77A3EAED257A4298007CF934 /* ComplicationController.swift in Sources */,
				77A3EAE9257A4298007CF934 /* ExtensionDelegate.swift in Sources */,
				77A3EAE7257A4298007CF934 /* InterfaceController.swift in Sources */,
			);
			runOnlyForDeploymentPostprocessing = 0;
		};
/* End PBXSourcesBuildPhase section */

/* Begin PBXTargetDependency section */
		77A3EAD5257A4295007CF934 /* PBXTargetDependency */ = {
			isa = PBXTargetDependency;
			target = 77A3EAD1257A4295007CF934 /* CookBook WatchKit App */;
			targetProxy = 77A3EAD4257A4295007CF934 /* PBXContainerItemProxy */;
		};
		77A3EAE4257A4298007CF934 /* PBXTargetDependency */ = {
			isa = PBXTargetDependency;
			target = 77A3EAE0257A4298007CF934 /* CookBook WatchKit Extension */;
			targetProxy = 77A3EAE3257A4298007CF934 /* PBXContainerItemProxy */;
		};
/* End PBXTargetDependency section */

/* Begin PBXVariantGroup section */
		77A3EAD7257A4295007CF934 /* Interface.storyboard */ = {
			isa = PBXVariantGroup;
			children = (
				77A3EAD8257A4295007CF934 /* Base */,
			);
			name = Interface.storyboard;
			sourceTree = "<group>";
		};
/* End PBXVariantGroup section */

/* Begin XCBuildConfiguration section */
		77A3EAF2257A429B007CF934 /* Debug */ = {
			isa = XCBuildConfiguration;
			buildSettings = {
				ALWAYS_SEARCH_USER_PATHS = NO;
				CLANG_ANALYZER_NONNULL = YES;
				CLANG_ANALYZER_NUMBER_OBJECT_CONVERSION = YES_AGGRESSIVE;
				CLANG_CXX_LANGUAGE_STANDARD = "gnu++14";
				CLANG_CXX_LIBRARY = "libc++";
				CLANG_ENABLE_MODULES = YES;
				CLANG_ENABLE_OBJC_ARC = YES;
				CLANG_ENABLE_OBJC_WEAK = YES;
				CLANG_WARN_BLOCK_CAPTURE_AUTORELEASING = YES;
				CLANG_WARN_BOOL_CONVERSION = YES;
				CLANG_WARN_COMMA = YES;
				CLANG_WARN_CONSTANT_CONVERSION = YES;
				CLANG_WARN_DEPRECATED_OBJC_IMPLEMENTATIONS = YES;
				CLANG_WARN_DIRECT_OBJC_ISA_USAGE = YES_ERROR;
				CLANG_WARN_DOCUMENTATION_COMMENTS = YES;
				CLANG_WARN_EMPTY_BODY = YES;
				CLANG_WARN_ENUM_CONVERSION = YES;
				CLANG_WARN_INFINITE_RECURSION = YES;
				CLANG_WARN_INT_CONVERSION = YES;
				CLANG_WARN_NON_LITERAL_NULL_CONVERSION = YES;
				CLANG_WARN_OBJC_IMPLICIT_RETAIN_SELF = YES;
				CLANG_WARN_OBJC_LITERAL_CONVERSION = YES;
				CLANG_WARN_OBJC_ROOT_CLASS = YES_ERROR;
				CLANG_WARN_QUOTED_INCLUDE_IN_FRAMEWORK_HEADER = YES;
				CLANG_WARN_RANGE_LOOP_ANALYSIS = YES;
				CLANG_WARN_STRICT_PROTOTYPES = YES;
				CLANG_WARN_SUSPICIOUS_MOVE = YES;
				CLANG_WARN_UNGUARDED_AVAILABILITY = YES_AGGRESSIVE;
				CLANG_WARN_UNREACHABLE_CODE = YES;
				CLANG_WARN__DUPLICATE_METHOD_MATCH = YES;
				COPY_PHASE_STRIP = NO;
				DEBUG_INFORMATION_FORMAT = dwarf;
				ENABLE_STRICT_OBJC_MSGSEND = YES;
				ENABLE_TESTABILITY = YES;
				GCC_C_LANGUAGE_STANDARD = gnu11;
				GCC_DYNAMIC_NO_PIC = NO;
				GCC_NO_COMMON_BLOCKS = YES;
				GCC_OPTIMIZATION_LEVEL = 0;
				GCC_PREPROCESSOR_DEFINITIONS = (
					"DEBUG=1",
					"$(inherited)",
				);
				GCC_WARN_64_TO_32_BIT_CONVERSION = YES;
				GCC_WARN_ABOUT_RETURN_TYPE = YES_ERROR;
				GCC_WARN_UNDECLARED_SELECTOR = YES;
				GCC_WARN_UNINITIALIZED_AUTOS = YES_AGGRESSIVE;
				GCC_WARN_UNUSED_FUNCTION = YES;
				GCC_WARN_UNUSED_VARIABLE = YES;
				MTL_ENABLE_DEBUG_INFO = INCLUDE_SOURCE;
				MTL_FAST_MATH = YES;
				ONLY_ACTIVE_ARCH = YES;
				SDKROOT = iphoneos;
				SWIFT_ACTIVE_COMPILATION_CONDITIONS = DEBUG;
				SWIFT_OPTIMIZATION_LEVEL = "-Onone";
			};
			name = Debug;
		};
		77A3EAF3257A429B007CF934 /* Release */ = {
			isa = XCBuildConfiguration;
			buildSettings = {
				ALWAYS_SEARCH_USER_PATHS = NO;
				CLANG_ANALYZER_NONNULL = YES;
				CLANG_ANALYZER_NUMBER_OBJECT_CONVERSION = YES_AGGRESSIVE;
				CLANG_CXX_LANGUAGE_STANDARD = "gnu++14";
				CLANG_CXX_LIBRARY = "libc++";
				CLANG_ENABLE_MODULES = YES;
				CLANG_ENABLE_OBJC_ARC = YES;
				CLANG_ENABLE_OBJC_WEAK = YES;
				CLANG_WARN_BLOCK_CAPTURE_AUTORELEASING = YES;
				CLANG_WARN_BOOL_CONVERSION = YES;
				CLANG_WARN_COMMA = YES;
				CLANG_WARN_CONSTANT_CONVERSION = YES;
				CLANG_WARN_DEPRECATED_OBJC_IMPLEMENTATIONS = YES;
				CLANG_WARN_DIRECT_OBJC_ISA_USAGE = YES_ERROR;
				CLANG_WARN_DOCUMENTATION_COMMENTS = YES;
				CLANG_WARN_EMPTY_BODY = YES;
				CLANG_WARN_ENUM_CONVERSION = YES;
				CLANG_WARN_INFINITE_RECURSION = YES;
				CLANG_WARN_INT_CONVERSION = YES;
				CLANG_WARN_NON_LITERAL_NULL_CONVERSION = YES;
				CLANG_WARN_OBJC_IMPLICIT_RETAIN_SELF = YES;
				CLANG_WARN_OBJC_LITERAL_CONVERSION = YES;
				CLANG_WARN_OBJC_ROOT_CLASS = YES_ERROR;
				CLANG_WARN_QUOTED_INCLUDE_IN_FRAMEWORK_HEADER = YES;
				CLANG_WARN_RANGE_LOOP_ANALYSIS = YES;
				CLANG_WARN_STRICT_PROTOTYPES = YES;
				CLANG_WARN_SUSPICIOUS_MOVE = YES;
				CLANG_WARN_UNGUARDED_AVAILABILITY = YES_AGGRESSIVE;
				CLANG_WARN_UNREACHABLE_CODE = YES;
				CLANG_WARN__DUPLICATE_METHOD_MATCH = YES;
				COPY_PHASE_STRIP = NO;
				DEBUG_INFORMATION_FORMAT = "dwarf-with-dsym";
				ENABLE_NS_ASSERTIONS = NO;
				ENABLE_STRICT_OBJC_MSGSEND = YES;
				GCC_C_LANGUAGE_STANDARD = gnu11;
				GCC_NO_COMMON_BLOCKS = YES;
				GCC_WARN_64_TO_32_BIT_CONVERSION = YES;
				GCC_WARN_ABOUT_RETURN_TYPE = YES_ERROR;
				GCC_WARN_UNDECLARED_SELECTOR = YES;
				GCC_WARN_UNINITIALIZED_AUTOS = YES_AGGRESSIVE;
				GCC_WARN_UNUSED_FUNCTION = YES;
				GCC_WARN_UNUSED_VARIABLE = YES;
				MTL_ENABLE_DEBUG_INFO = NO;
				MTL_FAST_MATH = YES;
				SDKROOT = iphoneos;
				SWIFT_COMPILATION_MODE = wholemodule;
				SWIFT_OPTIMIZATION_LEVEL = "-O";
				VALIDATE_PRODUCT = YES;
			};
			name = Release;
		};
		77A3EAF5257A429B007CF934 /* Debug */ = {
			isa = XCBuildConfiguration;
			buildSettings = {
				ASSETCATALOG_COMPILER_COMPLICATION_NAME = Complication;
				CODE_SIGN_STYLE = Automatic;
				INFOPLIST_FILE = "CookBook WatchKit Extension/Info.plist";
				LD_RUNPATH_SEARCH_PATHS = (
					"$(inherited)",
					"@executable_path/Frameworks",
					"@executable_path/../../Frameworks",
				);
				PRODUCT_BUNDLE_IDENTIFIER = ru.pivovarov.CookBook.watchkitapp.watchkitextension;
				PRODUCT_NAME = "${TARGET_NAME}";
				SDKROOT = watchos;
				SKIP_INSTALL = YES;
				SWIFT_VERSION = 5.0;
				TARGETED_DEVICE_FAMILY = 4;
				WATCHOS_DEPLOYMENT_TARGET = 7.1;
			};
			name = Debug;
		};
		77A3EAF6257A429B007CF934 /* Release */ = {
			isa = XCBuildConfiguration;
			buildSettings = {
				ASSETCATALOG_COMPILER_COMPLICATION_NAME = Complication;
				CODE_SIGN_STYLE = Automatic;
				INFOPLIST_FILE = "CookBook WatchKit Extension/Info.plist";
				LD_RUNPATH_SEARCH_PATHS = (
					"$(inherited)",
					"@executable_path/Frameworks",
					"@executable_path/../../Frameworks",
				);
				PRODUCT_BUNDLE_IDENTIFIER = ru.pivovarov.CookBook.watchkitapp.watchkitextension;
				PRODUCT_NAME = "${TARGET_NAME}";
				SDKROOT = watchos;
				SKIP_INSTALL = YES;
				SWIFT_VERSION = 5.0;
				TARGETED_DEVICE_FAMILY = 4;
				WATCHOS_DEPLOYMENT_TARGET = 7.1;
			};
			name = Release;
		};
		77A3EAF9257A429B007CF934 /* Debug */ = {
			isa = XCBuildConfiguration;
			buildSettings = {
				ALWAYS_EMBED_SWIFT_STANDARD_LIBRARIES = YES;
				ASSETCATALOG_COMPILER_APPICON_NAME = AppIcon;
				ASSETCATALOG_COMPILER_GLOBAL_ACCENT_COLOR_NAME = AccentColor;
				CODE_SIGN_STYLE = Automatic;
				IBSC_MODULE = CookBook_WatchKit_Extension;
				INFOPLIST_FILE = "CookBook WatchKit App/Info.plist";
				PRODUCT_BUNDLE_IDENTIFIER = ru.pivovarov.CookBook.watchkitapp;
				PRODUCT_NAME = "$(TARGET_NAME)";
				SDKROOT = watchos;
				SKIP_INSTALL = YES;
				SWIFT_VERSION = 5.0;
				TARGETED_DEVICE_FAMILY = 4;
				WATCHOS_DEPLOYMENT_TARGET = 7.1;
			};
			name = Debug;
		};
		77A3EAFA257A429B007CF934 /* Release */ = {
			isa = XCBuildConfiguration;
			buildSettings = {
				ALWAYS_EMBED_SWIFT_STANDARD_LIBRARIES = YES;
				ASSETCATALOG_COMPILER_APPICON_NAME = AppIcon;
				ASSETCATALOG_COMPILER_GLOBAL_ACCENT_COLOR_NAME = AccentColor;
				CODE_SIGN_STYLE = Automatic;
				IBSC_MODULE = CookBook_WatchKit_Extension;
				INFOPLIST_FILE = "CookBook WatchKit App/Info.plist";
				PRODUCT_BUNDLE_IDENTIFIER = ru.pivovarov.CookBook.watchkitapp;
				PRODUCT_NAME = "$(TARGET_NAME)";
				SDKROOT = watchos;
				SKIP_INSTALL = YES;
				SWIFT_VERSION = 5.0;
				TARGETED_DEVICE_FAMILY = 4;
				WATCHOS_DEPLOYMENT_TARGET = 7.1;
			};
			name = Release;
		};
		77A3EAFD257A429B007CF934 /* Debug */ = {
			isa = XCBuildConfiguration;
			buildSettings = {
				CODE_SIGN_STYLE = Automatic;
				CURRENT_PROJECT_VERSION = 1;
				MARKETING_VERSION = 1.0;
				PRODUCT_BUNDLE_IDENTIFIER = ru.pivovarov.CookBook;
				PRODUCT_NAME = "$(TARGET_NAME)";
				SWIFT_VERSION = 5.0;
			};
			name = Debug;
		};
		77A3EAFE257A429B007CF934 /* Release */ = {
			isa = XCBuildConfiguration;
			buildSettings = {
				CODE_SIGN_STYLE = Automatic;
				CURRENT_PROJECT_VERSION = 1;
				MARKETING_VERSION = 1.0;
				PRODUCT_BUNDLE_IDENTIFIER = ru.pivovarov.CookBook;
				PRODUCT_NAME = "$(TARGET_NAME)";
				SWIFT_VERSION = 5.0;
			};
			name = Release;
		};
/* End XCBuildConfiguration section */

/* Begin XCConfigurationList section */
		77A3EACB257A4295007CF934 /* Build configuration list for PBXProject "CookBook" */ = {
			isa = XCConfigurationList;
			buildConfigurations = (
				77A3EAF2257A429B007CF934 /* Debug */,
				77A3EAF3257A429B007CF934 /* Release */,
			);
			defaultConfigurationIsVisible = 0;
			defaultConfigurationName = Release;
		};
		77A3EAF4257A429B007CF934 /* Build configuration list for PBXNativeTarget "CookBook WatchKit Extension" */ = {
			isa = XCConfigurationList;
			buildConfigurations = (
				77A3EAF5257A429B007CF934 /* Debug */,
				77A3EAF6257A429B007CF934 /* Release */,
			);
			defaultConfigurationIsVisible = 0;
			defaultConfigurationName = Release;
		};
		77A3EAF8257A429B007CF934 /* Build configuration list for PBXNativeTarget "CookBook WatchKit App" */ = {
			isa = XCConfigurationList;
			buildConfigurations = (
				77A3EAF9257A429B007CF934 /* Debug */,
				77A3EAFA257A429B007CF934 /* Release */,
			);
			defaultConfigurationIsVisible = 0;
			defaultConfigurationName = Release;
		};
		77A3EAFC257A429B007CF934 /* Build configuration list for PBXNativeTarget "CookBook" */ = {
			isa = XCConfigurationList;
			buildConfigurations = (
				77A3EAFD257A429B007CF934 /* Debug */,
				77A3EAFE257A429B007CF934 /* Release */,
			);
			defaultConfigurationIsVisible = 0;
			defaultConfigurationName = Release;
		};
/* End XCConfigurationList section */
	};
	rootObject = 77A3EAC8257A4295007CF934 /* Project object */;
}
